
Microsoft Visual Studio Solution File, Format Version 12.00
# Visual Studio 15
VisualStudioVersion = 15.0.28307.1321
MinimumVisualStudioVersion = 10.0.40219.1
Project("{FAE04EC0-301F-11D3-BF4B-00C04F79EFBC}") = "latestwebapicrudmvc", "latestwebapicrudmvc\latestwebapicrudmvc.csproj", "{896B29D1-C7B2-4F67-B8F3-C7F541D0702A}"
EndProject
Global
	GlobalSection(SolutionConfigurationPlatforms) = preSolution
		Debug|Any CPU = Debug|Any CPU
		Release|Any CPU = Release|Any CPU
	EndGlobalSection
	GlobalSection(ProjectConfigurationPlatforms) = postSolution
		{896B29D1-C7B2-4F67-B8F3-C7F541D0702A}.Debug|Any CPU.ActiveCfg = Debug|Any CPU
		{896B29D1-C7B2-4F67-B8F3-C7F541D0702A}.Debug|Any CPU.Build.0 = Debug|Any CPU
		{896B29D1-C7B2-4F67-B8F3-C7F541D0702A}.Release|Any CPU.ActiveCfg = Release|Any CPU
		{896B29D1-C7B2-4F67-B8F3-C7F541D0702A}.Release|Any CPU.Build.0 = Release|Any CPU
	EndGlobalSection
	GlobalSection(SolutionProperties) = preSolution
		HideSolutionNode = FALSE
	EndGlobalSection
	GlobalSection(ExtensibilityGlobals) = postSolution
		SolutionGuid = {86241EB1-B684-4C6C-83F4-F3E244F29044}
	EndGlobalSection
EndGlobal
